// !$*UTF8*$!
{
	archiveVersion = 1;
	classes = {
	};
	objectVersion = 52;
	objects = {

/* Begin PBXBuildFile section */
		E11E62FD25ECA0E2005A21CE /* plistUnpack.py in Resources */ = {isa = PBXBuildFile; fileRef = E11E62FB25ECA0E2005A21CE /* plistUnpack.py */; };
		E11E62FE25ECA0E2005A21CE /* plistPack.py in Resources */ = {isa = PBXBuildFile; fileRef = E11E62FC25ECA0E2005A21CE /* plistPack.py */; };
		E11E630225ECA5B7005A21CE /* PythonKit in Frameworks */ = {isa = PBXBuildFile; productRef = E11E630125ECA5B7005A21CE /* PythonKit */; };
		E11E630625ECA611005A21CE /* PerfectPython in Frameworks */ = {isa = PBXBuildFile; productRef = E11E630525ECA611005A21CE /* PerfectPython */; };
		E191455A2616D14000FF2056 /* plistChanger in Resources */ = {isa = PBXBuildFile; fileRef = E19145592616D13F00FF2056 /* plistChanger */; };
		E191455D2616D14E00FF2056 /* plistChanger in Resources */ = {isa = PBXBuildFile; fileRef = E191455C2616D14E00FF2056 /* plistChanger */; };
		E1E81D4B25E7963300663DD0 /* AppDelegate.swift in Sources */ = {isa = PBXBuildFile; fileRef = E1E81D4A25E7963300663DD0 /* AppDelegate.swift */; };
		E1E81D4D25E7963300663DD0 /* ViewController.swift in Sources */ = {isa = PBXBuildFile; fileRef = E1E81D4C25E7963300663DD0 /* ViewController.swift */; };
		E1E81D4F25E7963500663DD0 /* Assets.xcassets in Resources */ = {isa = PBXBuildFile; fileRef = E1E81D4E25E7963500663DD0 /* Assets.xcassets */; };
		E1E81D5225E7963500663DD0 /* Main.storyboard in Resources */ = {isa = PBXBuildFile; fileRef = E1E81D5025E7963500663DD0 /* Main.storyboard */; };
/* End PBXBuildFile section */

/* Begin PBXFileReference section */
		E11E62F625EA99DC005A21CE /* en */ = {isa = PBXFileReference; lastKnownFileType = file.storyboard; name = en; path = en.lproj/Main.storyboard; sourceTree = "<group>"; };
		E11E62FB25ECA0E2005A21CE /* plistUnpack.py */ = {isa = PBXFileReference; fileEncoding = 4; lastKnownFileType = text.script.python; path = plistUnpack.py; sourceTree = "<group>"; };
		E11E62FC25ECA0E2005A21CE /* plistPack.py */ = {isa = PBXFileReference; fileEncoding = 4; lastKnownFileType = text.script.python; path = plistPack.py; sourceTree = "<group>"; };
		E19145592616D13F00FF2056 /* plistChanger */ = {isa = PBXFileReference; lastKnownFileType = folder; path = plistChanger; sourceTree = "<group>"; };
		E191455C2616D14E00FF2056 /* plistChanger */ = {isa = PBXFileReference; lastKnownFileType = folder; path = plistChanger; sourceTree = "<group>"; };
		E1E81D4725E7963300663DD0 /* plistChanger.app */ = {isa = PBXFileReference; explicitFileType = wrapper.application; includeInIndex = 0; path = plistChanger.app; sourceTree = BUILT_PRODUCTS_DIR; };
		E1E81D4A25E7963300663DD0 /* AppDelegate.swift */ = {isa = PBXFileReference; lastKnownFileType = sourcecode.swift; path = AppDelegate.swift; sourceTree = "<group>"; };
		E1E81D4C25E7963300663DD0 /* ViewController.swift */ = {isa = PBXFileReference; lastKnownFileType = sourcecode.swift; path = ViewController.swift; sourceTree = "<group>"; };
		E1E81D4E25E7963500663DD0 /* Assets.xcassets */ = {isa = PBXFileReference; lastKnownFileType = folder.assetcatalog; path = Assets.xcassets; sourceTree = "<group>"; };
		E1E81D5125E7963500663DD0 /* Base */ = {isa = PBXFileReference; explicitFileType = sourcecode.javascript; name = Base; path = Base.lproj/Main.storyboard; sourceTree = "<group>"; };
		E1E81D5325E7963500663DD0 /* Info.plist */ = {isa = PBXFileReference; lastKnownFileType = text.plist.xml; path = Info.plist; sourceTree = "<group>"; };
		E1E81D5425E7963500663DD0 /* plistChanger.entitlements */ = {isa = PBXFileReference; lastKnownFileType = text.plist.entitlements; path = plistChanger.entitlements; sourceTree = "<group>"; };
/* End PBXFileReference section */

/* Begin PBXFrameworksBuildPhase section */
		E1E81D4425E7963300663DD0 /* Frameworks */ = {
			isa = PBXFrameworksBuildPhase;
			buildActionMask = 2147483647;
			files = (
				E11E630625ECA611005A21CE /* PerfectPython in Frameworks */,
				E11E630225ECA5B7005A21CE /* PythonKit in Frameworks */,
			);
			runOnlyForDeploymentPostprocessing = 0;
		};
/* End PBXFrameworksBuildPhase section */

/* Begin PBXGroup section */
		E1E81D3E25E7963300663DD0 = {
			isa = PBXGroup;
			children = (
				E1E81D4925E7963300663DD0 /* plistChanger */,
				E1E81D4825E7963300663DD0 /* Products */,
			);
			sourceTree = "<group>";
		};
		E1E81D4825E7963300663DD0 /* Products */ = {
			isa = PBXGroup;
			children = (
				E1E81D4725E7963300663DD0 /* plistChanger.app */,
			);
			name = Products;
			sourceTree = "<group>";
		};
		E1E81D4925E7963300663DD0 /* plistChanger */ = {
			isa = PBXGroup;
			children = (
				E1E81D4A25E7963300663DD0 /* AppDelegate.swift */,
				E1E81D4C25E7963300663DD0 /* ViewController.swift */,
				E11E62FC25ECA0E2005A21CE /* plistPack.py */,
				E19145592616D13F00FF2056 /* plistChanger */,
				E11E62FB25ECA0E2005A21CE /* plistUnpack.py */,
				E191455C2616D14E00FF2056 /* plistChanger */,
				E1E81D4E25E7963500663DD0 /* Assets.xcassets */,
				E1E81D5025E7963500663DD0 /* Main.storyboard */,
				E1E81D5325E7963500663DD0 /* Info.plist */,
				E1E81D5425E7963500663DD0 /* plistChanger.entitlements */,
			);
			path = plistChanger;
			sourceTree = "<group>";
		};
/* End PBXGroup section */

/* Begin PBXNativeTarget section */
		E1E81D4625E7963300663DD0 /* plistChanger */ = {
			isa = PBXNativeTarget;
			buildConfigurationList = E1E81D5725E7963500663DD0 /* Build configuration list for PBXNativeTarget "plistChanger" */;
			buildPhases = (
				E1E81D4325E7963300663DD0 /* Sources */,
				E1E81D4425E7963300663DD0 /* Frameworks */,
				E1E81D4525E7963300663DD0 /* Resources */,
			);
			buildRules = (
			);
			dependencies = (
			);
			name = plistChanger;
			packageProductDependencies = (
				E11E630125ECA5B7005A21CE /* PythonKit */,
				E11E630525ECA611005A21CE /* PerfectPython */,
			);
			productName = plistChanger;
			productReference = E1E81D4725E7963300663DD0 /* plistChanger.app */;
			productType = "com.apple.product-type.application";
		};
/* End PBXNativeTarget section */

/* Begin PBXProject section */
		E1E81D3F25E7963300663DD0 /* Project object */ = {
			isa = PBXProject;
			attributes = {
				LastSwiftUpdateCheck = 1240;
				LastUpgradeCheck = 1240;
				TargetAttributes = {
					E1E81D4625E7963300663DD0 = {
						CreatedOnToolsVersion = 12.4;
					};
				};
			};
			buildConfigurationList = E1E81D4225E7963300663DD0 /* Build configuration list for PBXProject "plistChanger" */;
			compatibilityVersion = "Xcode 9.3";
			developmentRegion = en;
			hasScannedForEncodings = 0;
			knownRegions = (
				en,
				Base,
			);
			mainGroup = E1E81D3E25E7963300663DD0;
			packageReferences = (
				E11E630025ECA5B7005A21CE /* XCRemoteSwiftPackageReference "PythonKit" */,
				E11E630425ECA611005A21CE /* XCRemoteSwiftPackageReference "Perfect-Python" */,
			);
			productRefGroup = E1E81D4825E7963300663DD0 /* Products */;
			projectDirPath = "";
			projectRoot = "";
			targets = (
				E1E81D4625E7963300663DD0 /* plistChanger */,
			);
		};
/* End PBXProject section */

/* Begin PBXResourcesBuildPhase section */
		E1E81D4525E7963300663DD0 /* Resources */ = {
			isa = PBXResourcesBuildPhase;
			buildActionMask = 2147483647;
			files = (
				E1E81D4F25E7963500663DD0 /* Assets.xcassets in Resources */,
				E11E62FD25ECA0E2005A21CE /* plistUnpack.py in Resources */,
				E191455D2616D14E00FF2056 /* plistChanger in Resources */,
				E191455A2616D14000FF2056 /* plistChanger in Resources */,
				E11E62FE25ECA0E2005A21CE /* plistPack.py in Resources */,
				E1E81D5225E7963500663DD0 /* Main.storyboard in Resources */,
			);
			runOnlyForDeploymentPostprocessing = 0;
		};
/* End PBXResourcesBuildPhase section */

/* Begin PBXSourcesBuildPhase section */
		E1E81D4325E7963300663DD0 /* Sources */ = {
			isa = PBXSourcesBuildPhase;
			buildActionMask = 2147483647;
			files = (
				E1E81D4D25E7963300663DD0 /* ViewController.swift in Sources */,
				E1E81D4B25E7963300663DD0 /* AppDelegate.swift in Sources */,
			);
			runOnlyForDeploymentPostprocessing = 0;
		};
/* End PBXSourcesBuildPhase section */

/* Begin PBXVariantGroup section */
		E1E81D5025E7963500663DD0 /* Main.storyboard */ = {
			isa = PBXVariantGroup;
			children = (
				E1E81D5125E7963500663DD0 /* Base */,
				E11E62F625EA99DC005A21CE /* en */,
			);
			name = Main.storyboard;
			sourceTree = "<group>";
		};
/* End PBXVariantGroup section */

/* Begin XCBuildConfiguration section */
		E1E81D5525E7963500663DD0 /* Debug */ = {
			isa = XCBuildConfiguration;
			buildSettings = {
				ALWAYS_SEARCH_USER_PATHS = NO;
				CLANG_ANALYZER_NONNULL = YES;
				CLANG_ANALYZER_NUMBER_OBJECT_CONVERSION = YES_AGGRESSIVE;
				CLANG_CXX_LANGUAGE_STANDARD = "gnu++14";
				CLANG_CXX_LIBRARY = "libc++";
				CLANG_ENABLE_MODULES = YES;
				CLANG_ENABLE_OBJC_ARC = YES;
				CLANG_ENABLE_OBJC_WEAK = YES;
				CLANG_WARN_BLOCK_CAPTURE_AUTORELEASING = YES;
				CLANG_WARN_BOOL_CONVERSION = YES;
				CLANG_WARN_COMMA = YES;
				CLANG_WARN_CONSTANT_CONVERSION = YES;
				CLANG_WARN_DEPRECATED_OBJC_IMPLEMENTATIONS = YES;
				CLANG_WARN_DIRECT_OBJC_ISA_USAGE = YES_ERROR;
				CLANG_WARN_DOCUMENTATION_COMMENTS = YES;
				CLANG_WARN_EMPTY_BODY = YES;
				CLANG_WARN_ENUM_CONVERSION = YES;
				CLANG_WARN_INFINITE_RECURSION = YES;
				CLANG_WARN_INT_CONVERSION = YES;
				CLANG_WARN_NON_LITERAL_NULL_CONVERSION = YES;
				CLANG_WARN_OBJC_IMPLICIT_RETAIN_SELF = YES;
				CLANG_WARN_OBJC_LITERAL_CONVERSION = YES;
				CLANG_WARN_OBJC_ROOT_CLASS = YES_ERROR;
				CLANG_WARN_QUOTED_INCLUDE_IN_FRAMEWORK_HEADER = YES;
				CLANG_WARN_RANGE_LOOP_ANALYSIS = YES;
				CLANG_WARN_STRICT_PROTOTYPES = YES;
				CLANG_WARN_SUSPICIOUS_MOVE = YES;
				CLANG_WARN_UNGUARDED_AVAILABILITY = YES_AGGRESSIVE;
				CLANG_WARN_UNREACHABLE_CODE = YES;
				CLANG_WARN__DUPLICATE_METHOD_MATCH = YES;
				COPY_PHASE_STRIP = NO;
				DEBUG_INFORMATION_FORMAT = dwarf;
				ENABLE_STRICT_OBJC_MSGSEND = YES;
				ENABLE_TESTABILITY = YES;
				GCC_C_LANGUAGE_STANDARD = gnu11;
				GCC_DYNAMIC_NO_PIC = NO;
				GCC_NO_COMMON_BLOCKS = YES;
				GCC_OPTIMIZATION_LEVEL = 0;
				GCC_PREPROCESSOR_DEFINITIONS = (
					"DEBUG=1",
					"$(inherited)",
				);
				GCC_WARN_64_TO_32_BIT_CONVERSION = YES;
				GCC_WARN_ABOUT_RETURN_TYPE = YES_ERROR;
				GCC_WARN_UNDECLARED_SELECTOR = YES;
				GCC_WARN_UNINITIALIZED_AUTOS = YES_AGGRESSIVE;
				GCC_WARN_UNUSED_FUNCTION = YES;
				GCC_WARN_UNUSED_VARIABLE = YES;
				MACOSX_DEPLOYMENT_TARGET = 10.13;
				MTL_ENABLE_DEBUG_INFO = INCLUDE_SOURCE;
				MTL_FAST_MATH = YES;
				ONLY_ACTIVE_ARCH = YES;
				SDKROOT = macosx;
				SWIFT_ACTIVE_COMPILATION_CONDITIONS = DEBUG;
				SWIFT_OPTIMIZATION_LEVEL = "-Onone";
			};
			name = Debug;
		};
		E1E81D5625E7963500663DD0 /* Release */ = {
			isa = XCBuildConfiguration;
			buildSettings = {
				ALWAYS_SEARCH_USER_PATHS = NO;
				CLANG_ANALYZER_NONNULL = YES;
				CLANG_ANALYZER_NUMBER_OBJECT_CONVERSION = YES_AGGRESSIVE;
				CLANG_CXX_LANGUAGE_STANDARD = "gnu++14";
				CLANG_CXX_LIBRARY = "libc++";
				CLANG_ENABLE_MODULES = YES;
				CLANG_ENABLE_OBJC_ARC = YES;
				CLANG_ENABLE_OBJC_WEAK = YES;
				CLANG_WARN_BLOCK_CAPTURE_AUTORELEASING = YES;
				CLANG_WARN_BOOL_CONVERSION = YES;
				CLANG_WARN_COMMA = YES;
				CLANG_WARN_CONSTANT_CONVERSION = YES;
				CLANG_WARN_DEPRECATED_OBJC_IMPLEMENTATIONS = YES;
				CLANG_WARN_DIRECT_OBJC_ISA_USAGE = YES_ERROR;
				CLANG_WARN_DOCUMENTATION_COMMENTS = YES;
				CLANG_WARN_EMPTY_BODY = YES;
				CLANG_WARN_ENUM_CONVERSION = YES;
				CLANG_WARN_INFINITE_RECURSION = YES;
				CLANG_WARN_INT_CONVERSION = YES;
				CLANG_WARN_NON_LITERAL_NULL_CONVERSION = YES;
				CLANG_WARN_OBJC_IMPLICIT_RETAIN_SELF = YES;
				CLANG_WARN_OBJC_LITERAL_CONVERSION = YES;
				CLANG_WARN_OBJC_ROOT_CLASS = YES_ERROR;
				CLANG_WARN_QUOTED_INCLUDE_IN_FRAMEWORK_HEADER = YES;
				CLANG_WARN_RANGE_LOOP_ANALYSIS = YES;
				CLANG_WARN_STRICT_PROTOTYPES = YES;
				CLANG_WARN_SUSPICIOUS_MOVE = YES;
				CLANG_WARN_UNGUARDED_AVAILABILITY = YES_AGGRESSIVE;
				CLANG_WARN_UNREACHABLE_CODE = YES;
				CLANG_WARN__DUPLICATE_METHOD_MATCH = YES;
				COPY_PHASE_STRIP = NO;
				DEBUG_INFORMATION_FORMAT = "dwarf-with-dsym";
				ENABLE_NS_ASSERTIONS = NO;
				ENABLE_STRICT_OBJC_MSGSEND = YES;
				GCC_C_LANGUAGE_STANDARD = gnu11;
				GCC_NO_COMMON_BLOCKS = YES;
				GCC_WARN_64_TO_32_BIT_CONVERSION = YES;
				GCC_WARN_ABOUT_RETURN_TYPE = YES_ERROR;
				GCC_WARN_UNDECLARED_SELECTOR = YES;
				GCC_WARN_UNINITIALIZED_AUTOS = YES_AGGRESSIVE;
				GCC_WARN_UNUSED_FUNCTION = YES;
				GCC_WARN_UNUSED_VARIABLE = YES;
				MACOSX_DEPLOYMENT_TARGET = 10.13;
				MTL_ENABLE_DEBUG_INFO = NO;
				MTL_FAST_MATH = YES;
				SDKROOT = macosx;
				SWIFT_COMPILATION_MODE = wholemodule;
				SWIFT_OPTIMIZATION_LEVEL = "-O";
			};
			name = Release;
		};
		E1E81D5825E7963500663DD0 /* Debug */ = {
			isa = XCBuildConfiguration;
			buildSettings = {
				ASSETCATALOG_COMPILER_APPICON_NAME = AppIcon;
				ASSETCATALOG_COMPILER_GLOBAL_ACCENT_COLOR_NAME = AccentColor;
				CODE_SIGN_ENTITLEMENTS = plistChanger/plistChanger.entitlements;
				CODE_SIGN_STYLE = Automatic;
				COMBINE_HIDPI_IMAGES = YES;
				DEVELOPMENT_TEAM = Q3N2BY2P7Q;
				ENABLE_HARDENED_RUNTIME = YES;
				INFOPLIST_FILE = plistChanger/Info.plist;
				LD_RUNPATH_SEARCH_PATHS = (
					"$(inherited)",
					"@executable_path/../Frameworks",
				);
				PRODUCT_BUNDLE_IDENTIFIER = me2zen.plistChanger;
				PRODUCT_NAME = "$(TARGET_NAME)";
				SWIFT_VERSION = 5.0;
			};
			name = Debug;
		};
		E1E81D5925E7963500663DD0 /* Release */ = {
			isa = XCBuildConfiguration;
			buildSettings = {
				ASSETCATALOG_COMPILER_APPICON_NAME = AppIcon;
				ASSETCATALOG_COMPILER_GLOBAL_ACCENT_COLOR_NAME = AccentColor;
				CODE_SIGN_ENTITLEMENTS = plistChanger/plistChanger.entitlements;
				CODE_SIGN_STYLE = Automatic;
				COMBINE_HIDPI_IMAGES = YES;
				DEVELOPMENT_TEAM = Q3N2BY2P7Q;
				ENABLE_HARDENED_RUNTIME = YES;
				INFOPLIST_FILE = plistChanger/Info.plist;
				LD_RUNPATH_SEARCH_PATHS = (
					"$(inherited)",
					"@executable_path/../Frameworks",
				);
				PRODUCT_BUNDLE_IDENTIFIER = me2zen.plistChanger;
				PRODUCT_NAME = "$(TARGET_NAME)";
				SWIFT_VERSION = 5.0;
			};
			name = Release;
		};
/* End XCBuildConfiguration section */

/* Begin XCConfigurationList section */
		E1E81D4225E7963300663DD0 /* Build configuration list for PBXProject "plistChanger" */ = {
			isa = XCConfigurationList;
			buildConfigurations = (
				E1E81D5525E7963500663DD0 /* Debug */,
				E1E81D5625E7963500663DD0 /* Release */,
			);
			defaultConfigurationIsVisible = 0;
			defaultConfigurationName = Release;
		};
		E1E81D5725E7963500663DD0 /* Build configuration list for PBXNativeTarget "plistChanger" */ = {
			isa = XCConfigurationList;
			buildConfigurations = (
				E1E81D5825E7963500663DD0 /* Debug */,
				E1E81D5925E7963500663DD0 /* Release */,
			);
			defaultConfigurationIsVisible = 0;
			defaultConfigurationName = Release;
		};
/* End XCConfigurationList section */

/* Begin XCRemoteSwiftPackageReference section */
		E11E630025ECA5B7005A21CE /* XCRemoteSwiftPackageReference "PythonKit" */ = {
			isa = XCRemoteSwiftPackageReference;
			repositoryURL = "https://github.com/pvieito/PythonKit.git";
			requirement = {
				branch = master;
				kind = branch;
			};
		};
		E11E630425ECA611005A21CE /* XCRemoteSwiftPackageReference "Perfect-Python" */ = {
			isa = XCRemoteSwiftPackageReference;
			repositoryURL = "https://github.com/PerfectlySoft/Perfect-Python.git";
			requirement = {
				branch = master;
				kind = branch;
			};
		};
/* End XCRemoteSwiftPackageReference section */

/* Begin XCSwiftPackageProductDependency section */
		E11E630125ECA5B7005A21CE /* PythonKit */ = {
			isa = XCSwiftPackageProductDependency;
			package = E11E630025ECA5B7005A21CE /* XCRemoteSwiftPackageReference "PythonKit" */;
			productName = PythonKit;
		};
		E11E630525ECA611005A21CE /* PerfectPython */ = {
			isa = XCSwiftPackageProductDependency;
			package = E11E630425ECA611005A21CE /* XCRemoteSwiftPackageReference "Perfect-Python" */;
			productName = PerfectPython;
		};
/* End XCSwiftPackageProductDependency section */
	};
	rootObject = E1E81D3F25E7963300663DD0 /* Project object */;
}
